
Microsoft Visual Studio Solution File, Format Version 12.00
# Visual Studio 15
VisualStudioVersion = 15.0.27703.2035
MinimumVisualStudioVersion = 10.0.40219.1
Project("{FAE04EC0-301F-11D3-BF4B-00C04F79EFBC}") = "SuperheroCreator", "SuperheroCreator\SuperheroCreator.csproj", "{F6C4DB4A-C59E-4CEE-9811-216F4D432087}"
EndProject
Project("{FAE04EC0-301F-11D3-BF4B-00C04F79EFBC}") = "SuperheroCreator.Tests", "SuperheroCreator.Tests\SuperheroCreator.Tests.csproj", "{4C411523-F89B-481F-A36B-0318CDD0F9D1}"
EndProject
Global
	GlobalSection(SolutionConfigurationPlatforms) = preSolution
		Debug|Any CPU = Debug|Any CPU
		Release|Any CPU = Release|Any CPU
	EndGlobalSection
	GlobalSection(ProjectConfigurationPlatforms) = postSolution
		{F6C4DB4A-C59E-4CEE-9811-216F4D432087}.Debug|Any CPU.ActiveCfg = Debug|Any CPU
		{F6C4DB4A-C59E-4CEE-9811-216F4D432087}.Debug|Any CPU.Build.0 = Debug|Any CPU
		{F6C4DB4A-C59E-4CEE-9811-216F4D432087}.Release|Any CPU.ActiveCfg = Release|Any CPU
		{F6C4DB4A-C59E-4CEE-9811-216F4D432087}.Release|Any CPU.Build.0 = Release|Any CPU
		{4C411523-F89B-481F-A36B-0318CDD0F9D1}.Debug|Any CPU.ActiveCfg = Debug|Any CPU
		{4C411523-F89B-481F-A36B-0318CDD0F9D1}.Debug|Any CPU.Build.0 = Debug|Any CPU
		{4C411523-F89B-481F-A36B-0318CDD0F9D1}.Release|Any CPU.ActiveCfg = Release|Any CPU
		{4C411523-F89B-481F-A36B-0318CDD0F9D1}.Release|Any CPU.Build.0 = Release|Any CPU
	EndGlobalSection
	GlobalSection(SolutionProperties) = preSolution
		HideSolutionNode = FALSE
	EndGlobalSection
	GlobalSection(ExtensibilityGlobals) = postSolution
		SolutionGuid = {5712D350-0F88-49DB-97E4-1C304ACD5D85}
	EndGlobalSection
EndGlobal
